
Microsoft Visual Studio Solution File, Format Version 12.00
# Visual Studio Version 17
VisualStudioVersion = 17.3.32825.248
MinimumVisualStudioVersion = 10.0.40219.1
Project("{00D1A9C2-B5F0-4AF3-8072-F6C62B433612}") = "OGA.Base.Database", "OGA.Base.Database\OGA.Base.Database.sqlproj", "{BDB74271-D284-4621-B72D-7702F0624F83}"
EndProject
Global
	GlobalSection(SolutionConfigurationPlatforms) = preSolution
		Debug|Any CPU = Debug|Any CPU
		Release|Any CPU = Release|Any CPU
	EndGlobalSection
	GlobalSection(ProjectConfigurationPlatforms) = postSolution
		{BDB74271-D284-4621-B72D-7702F0624F83}.Debug|Any CPU.ActiveCfg = Debug|Any CPU
		{BDB74271-D284-4621-B72D-7702F0624F83}.Debug|Any CPU.Build.0 = Debug|Any CPU
		{BDB74271-D284-4621-B72D-7702F0624F83}.Debug|Any CPU.Deploy.0 = Debug|Any CPU
		{BDB74271-D284-4621-B72D-7702F0624F83}.Release|Any CPU.ActiveCfg = Release|Any CPU
		{BDB74271-D284-4621-B72D-7702F0624F83}.Release|Any CPU.Build.0 = Release|Any CPU
		{BDB74271-D284-4621-B72D-7702F0624F83}.Release|Any CPU.Deploy.0 = Release|Any CPU
	EndGlobalSection
	GlobalSection(SolutionProperties) = preSolution
		HideSolutionNode = FALSE
	EndGlobalSection
	GlobalSection(ExtensibilityGlobals) = postSolution
		SolutionGuid = {B0208A66-2F03-477E-859B-F68B7BD33A9D}
	EndGlobalSection
EndGlobal
